
Microsoft Visual Studio Solution File, Format Version 12.00
# Visual Studio Version 16
VisualStudioVersion = 16.0.31005.135
MinimumVisualStudioVersion = 10.0.40219.1
Project("{FAE04EC0-301F-11D3-BF4B-00C04F79EFBC}") = "NoteMarketPlace", "NoteMarketPlace.csproj", "{A7FAB3B5-01B7-402F-B11C-1F01490E6FA7}"
EndProject
Global
	GlobalSection(SolutionConfigurationPlatforms) = preSolution
		Debug|Any CPU = Debug|Any CPU
		Release|Any CPU = Release|Any CPU
	EndGlobalSection
	GlobalSection(ProjectConfigurationPlatforms) = postSolution
		{A7FAB3B5-01B7-402F-B11C-1F01490E6FA7}.Debug|Any CPU.ActiveCfg = Debug|Any CPU
		{A7FAB3B5-01B7-402F-B11C-1F01490E6FA7}.Debug|Any CPU.Build.0 = Debug|Any CPU
		{A7FAB3B5-01B7-402F-B11C-1F01490E6FA7}.Release|Any CPU.ActiveCfg = Release|Any CPU
		{A7FAB3B5-01B7-402F-B11C-1F01490E6FA7}.Release|Any CPU.Build.0 = Release|Any CPU
	EndGlobalSection
	GlobalSection(SolutionProperties) = preSolution
		HideSolutionNode = FALSE
	EndGlobalSection
	GlobalSection(ExtensibilityGlobals) = postSolution
		SolutionGuid = {A6F770F9-958A-45E6-AD58-AB77E8791A68}
	EndGlobalSection
EndGlobal
